<?xml version="1.0" encoding="utf-8"?>
<Project ToolsVersion="4.0" xmlns="http://schemas.microsoft.com/developer/msbuild/2003">
  <ItemGroup>
    <Filter Include="98.Headers">
      <UniqueIdentifier>{2073545a-f801-4edf-aa16-97a1f4a17d3e}</UniqueIdentifier>
    </Filter>
    <Filter Include="00.MainApp">
      <UniqueIdentifier>{e956cd6f-49d5-40e6-bd88-95b21482da9f}</UniqueIdentifier>
    </Filter>
    <Filter Include="01.Scene">
      <UniqueIdentifier>{bc781e1c-fd63-48bf-84b5-de5ff131e629}</UniqueIdentifier>
    </Filter>
    <Filter Include="01.Scene\99.Loading">
      <UniqueIdentifier>{5d12369a-a4be-4572-ae37-0c1053e9e213}</UniqueIdentifier>
    </Filter>
    <Filter Include="02.Object">
      <UniqueIdentifier>{fca4fe7a-301b-46fa-a38c-119bf7dba4e0}</UniqueIdentifier>
    </Filter>
    <Filter Include="02.Object\00.Logo">
      <UniqueIdentifier>{cf3f99fa-7d65-476a-9e92-3c549fe7953c}</UniqueIdentifier>
    </Filter>
    <Filter Include="02.Object\00.Logo\00.LogoBack">
      <UniqueIdentifier>{78a7d3e1-34e4-404c-8342-b3f4ba89e339}</UniqueIdentifier>
    </Filter>
    <Filter Include="02.Object\01.Stage">
      <UniqueIdentifier>{0099ab9a-6db6-4226-b6a6-42edbfc66f46}</UniqueIdentifier>
    </Filter>
    <Filter Include="02.Object\01.Stage\99.Camera">
      <UniqueIdentifier>{ea34b670-80fc-4e27-a289-3c432836d36f}</UniqueIdentifier>
    </Filter>
    <Filter Include="02.Object\01.Stage\01.LandObject">
      <UniqueIdentifier>{06b5562c-7f9b-4284-b2f7-4ee9cff09dc8}</UniqueIdentifier>
    </Filter>
    <Filter Include="03.Collision">
      <UniqueIdentifier>{02334d63-47e8-4438-a95e-528e570e20fa}</UniqueIdentifier>
    </Filter>
    <Filter Include="03.Collision\00.ObjectCol">
      <UniqueIdentifier>{c78807cf-060c-4d11-a26c-4c16daf86233}</UniqueIdentifier>
    </Filter>
    <Filter Include="04.Observer">
      <UniqueIdentifier>{b609ee51-8229-4bda-83b0-e4682f0a233a}</UniqueIdentifier>
    </Filter>
    <Filter Include="04.Observer\00.ObjectObserver">
      <UniqueIdentifier>{84fe5882-cd2c-46c5-9708-299ba6c83b46}</UniqueIdentifier>
    </Filter>
    <Filter Include="98.FX">
      <UniqueIdentifier>{9298ddb6-3f75-4d1d-8fe3-0fe542e1fd47}</UniqueIdentifier>
    </Filter>
    <Filter Include="99.Default">
      <UniqueIdentifier>{9926a24d-0181-4bf9-87dd-8c53b5e77c51}</UniqueIdentifier>
    </Filter>
    <Filter Include="90.UI">
      <UniqueIdentifier>{57a2f99d-52fe-4219-89b0-708f862dc525}</UniqueIdentifier>
    </Filter>
    <Filter Include="90.UI\2D">
      <UniqueIdentifier>{bd2d6b2b-c3b0-4356-86d4-4b9c2486649f}</UniqueIdentifier>
    </Filter>
    <Filter Include="90.UI\3D">
      <UniqueIdentifier>{d459553b-dcc5-40ff-b3b3-1094d07efa1c}</UniqueIdentifier>
    </Filter>
    <Filter Include="91.Text">
      <UniqueIdentifier>{e6159591-0a38-4214-a956-b6e4c6049c02}</UniqueIdentifier>
    </Filter>
    <Filter Include="80.Manager">
      <UniqueIdentifier>{6beb6fee-651c-4070-a412-3bda93fa2fd9}</UniqueIdentifier>
    </Filter>
    <Filter Include="80.Manager\00.TextMgr">
      <UniqueIdentifier>{143ecc0a-7b79-4b3f-88a8-376f3766a98f}</UniqueIdentifier>
    </Filter>
    <Filter Include="70.NetWork">
      <UniqueIdentifier>{ec0fe14b-8d4d-4339-936a-54e789095393}</UniqueIdentifier>
    </Filter>
    <Filter Include="70.NetWork\00.NetMgr">
      <UniqueIdentifier>{815b96f2-40e5-451c-8d2d-32878535f485}</UniqueIdentifier>
    </Filter>
    <Filter Include="70.NetWork\01.UserMgr">
      <UniqueIdentifier>{e645dec3-958b-4408-99ac-850e40f4a15f}</UniqueIdentifier>
    </Filter>
    <Filter Include="70.NetWork\99.User">
      <UniqueIdentifier>{83d764c6-5805-49f8-8bbb-da7dacd79f3c}</UniqueIdentifier>
    </Filter>
    <Filter Include="70.NetWork\99.User\Me">
      <UniqueIdentifier>{287440ac-a2b8-4e0d-983d-c7a5120bc313}</UniqueIdentifier>
    </Filter>
    <Filter Include="80.Manager\10.KeyMgr">
      <UniqueIdentifier>{809701f7-81e7-421f-8922-b433163a777f}</UniqueIdentifier>
    </Filter>
    <Filter Include="80.Manager\11.MouseMgr">
      <UniqueIdentifier>{80e8aa0d-f5b9-43f5-99ce-0e9293830873}</UniqueIdentifier>
    </Filter>
    <Filter Include="80.Manager\01.GameMgr">
      <UniqueIdentifier>{0fe30e9b-2a5d-479a-ba80-c9b176c0101d}</UniqueIdentifier>
    </Filter>
    <Filter Include="01.Scene\00.Login">
      <UniqueIdentifier>{5b5566f3-0221-48d7-9f11-8e964aafaaa7}</UniqueIdentifier>
    </Filter>
    <Filter Include="01.Scene\01.Lobby">
      <UniqueIdentifier>{1efa5201-563f-411e-95c3-a9991c95f0dc}</UniqueIdentifier>
    </Filter>
    <Filter Include="01.Scene\02.Scene_Loading">
      <UniqueIdentifier>{df32e354-4407-4025-b5c5-b9a9cdf90a7d}</UniqueIdentifier>
    </Filter>
    <Filter Include="01.Scene\98.Stage">
      <UniqueIdentifier>{77f69bea-4ab1-4810-b5de-c0313d75c723}</UniqueIdentifier>
    </Filter>
    <Filter Include="01.Scene\97.Logo">
      <UniqueIdentifier>{c826868b-f779-4927-801e-0a35f66b4a0e}</UniqueIdentifier>
    </Filter>
    <Filter Include="01.Scene\03.Ingame">
      <UniqueIdentifier>{c9a6ee5d-51f6-4081-ab96-01b38e4f6629}</UniqueIdentifier>
    </Filter>
    <Filter Include="02.Object\01.Stage\01.LandObject\04.Map">
      <UniqueIdentifier>{140ec3e5-9a2d-4dfe-ac53-d26014564227}</UniqueIdentifier>
    </Filter>
    <Filter Include="02.Object\01.Stage\01.LandObject\04.Map\00.Gestalt">
      <UniqueIdentifier>{f862c4d9-0360-49a2-9c0f-8a800e69fc75}</UniqueIdentifier>
    </Filter>
    <Filter Include="80.Manager\02.CameraMgr">
      <UniqueIdentifier>{b56c8809-1071-4e26-b650-42df50de36a4}</UniqueIdentifier>
    </Filter>
    <Filter Include="02.Object\01.Stage\99.Camera\00.DynamicCamera">
      <UniqueIdentifier>{b7ca63a3-ac94-4e23-84f9-bd2920314fc4}</UniqueIdentifier>
    </Filter>
    <Filter Include="02.Object\01.Stage\99.Camera\01.FpsCamera">
      <UniqueIdentifier>{2aea1fdd-2055-46d5-9f3a-56f2fc4370e9}</UniqueIdentifier>
    </Filter>
    <Filter Include="02.Object\01.Stage\99.Camera\02.StaticCamera">
      <UniqueIdentifier>{b2493e23-c174-46d8-8a94-a5cedb870107}</UniqueIdentifier>
    </Filter>
    <Filter Include="02.Object\01.Stage\01.LandObject\98.Stone">
      <UniqueIdentifier>{2dd152b8-d6d3-4d48-9f2a-4301003f244e}</UniqueIdentifier>
    </Filter>
    <Filter Include="02.Object\01.Stage\01.LandObject\97.Cube">
      <UniqueIdentifier>{ebec4b77-2799-4ef9-8085-79e38c513df0}</UniqueIdentifier>
    </Filter>
    <Filter Include="02.Object\01.Stage\01.LandObject\01.Weapon">
      <UniqueIdentifier>{30afe3c7-adc8-458e-a619-91c734278110}</UniqueIdentifier>
    </Filter>
    <Filter Include="02.Object\01.Stage\01.LandObject\01.Weapon\00.1st">
      <UniqueIdentifier>{a22237fe-30fc-4675-b1c5-a37d3ed8ba6f}</UniqueIdentifier>
    </Filter>
    <Filter Include="02.Object\01.Stage\01.LandObject\01.Weapon\00.1st\01.AssultRifle">
      <UniqueIdentifier>{6418cb86-17c0-47be-9a90-70a2eab0b97f}</UniqueIdentifier>
    </Filter>
    <Filter Include="02.Object\01.Stage\01.LandObject\01.Weapon\00.1st\02.FlakCannon">
      <UniqueIdentifier>{17676d28-2449-4811-92f0-b2cf16cd1971}</UniqueIdentifier>
    </Filter>
    <Filter Include="02.Object\01.Stage\01.LandObject\01.Weapon\00.3rd">
      <UniqueIdentifier>{54453a70-0cd2-444a-9160-0364d18854ff}</UniqueIdentifier>
    </Filter>
    <Filter Include="02.Object\01.Stage\01.LandObject\00.Character">
      <UniqueIdentifier>{6cdc77d3-bc65-49fb-8d65-86be5bd61d99}</UniqueIdentifier>
    </Filter>
    <Filter Include="02.Object\01.Stage\01.LandObject\96.Player">
      <UniqueIdentifier>{2e1cad9b-1d12-4ece-a929-574261bd0795}</UniqueIdentifier>
    </Filter>
    <Filter Include="02.Object\01.Stage\01.LandObject\00.Character\00.MyCharacter">
      <UniqueIdentifier>{50603892-cc54-4b8d-b069-653fd53b81ff}</UniqueIdentifier>
    </Filter>
    <Filter Include="80.Manager\03.GeneralMgr">
      <UniqueIdentifier>{f187ad9b-98c3-41dc-a9ee-87d120c738e3}</UniqueIdentifier>
    </Filter>
    <Filter Include="02.Object\01.Stage\95.Terrain">
      <UniqueIdentifier>{567ff6da-0155-463e-b4fb-9b7efaa7092f}</UniqueIdentifier>
    </Filter>
    <Filter Include="80.Manager\04.BulletMgr">
      <UniqueIdentifier>{476a7056-f94c-4a36-97de-fdcfe7bd7c32}</UniqueIdentifier>
    </Filter>
    <Filter Include="03.Collision\01.SphereCol">
      <UniqueIdentifier>{29aa6759-f19b-4712-9252-91abd1f1c45c}</UniqueIdentifier>
    </Filter>
    <Filter Include="03.Collision\02.CharCol">
      <UniqueIdentifier>{9a76695a-d4d3-4a2b-9e2b-7fa115e42a81}</UniqueIdentifier>
    </Filter>
    <Filter Include="02.Object\01.Stage\01.LandObject\02.Waves">
      <UniqueIdentifier>{7ff5aa48-3e3d-41ba-8952-03aae16349e6}</UniqueIdentifier>
    </Filter>
  </ItemGroup>
  <ItemGroup>
    <ClInclude Include="..\Headers\Include.h">
      <Filter>98.Headers</Filter>
    </ClInclude>
    <ClInclude Include="..\Headers\Enum.h">
      <Filter>98.Headers</Filter>
    </ClInclude>
    <ClInclude Include="..\Headers\Const.h">
      <Filter>98.Headers</Filter>
    </ClInclude>
    <ClInclude Include="..\Headers\Define.h">
      <Filter>98.Headers</Filter>
    </ClInclude>
    <ClInclude Include="Resource.h">
      <Filter>99.Default</Filter>
    </ClInclude>
    <ClInclude Include="targetver.h">
      <Filter>99.Default</Filter>
    </ClInclude>
    <ClInclude Include="Client.h">
      <Filter>99.Default</Filter>
    </ClInclude>
    <ClInclude Include="..\Code\MainApp.h">
      <Filter>00.MainApp</Filter>
    </ClInclude>
    <ClInclude Include="..\Code\Logo.h">
      <Filter>01.Scene\97.Logo</Filter>
    </ClInclude>
    <ClInclude Include="..\Code\LogoBack.h">
      <Filter>02.Object\00.Logo\00.LogoBack</Filter>
    </ClInclude>
    <ClInclude Include="..\Code\Stage.h">
      <Filter>01.Scene\98.Stage</Filter>
    </ClInclude>
    <ClInclude Include="SceneSelector.h">
      <Filter>01.Scene</Filter>
    </ClInclude>
    <ClInclude Include="..\Code\Loading.h">
      <Filter>01.Scene\99.Loading</Filter>
    </ClInclude>
    <ClInclude Include="..\Code\LandObject.h">
      <Filter>02.Object\01.Stage\01.LandObject</Filter>
    </ClInclude>
    <ClInclude Include="..\Code\Stone.h">
      <Filter>02.Object\01.Stage\01.LandObject\98.Stone</Filter>
    </ClInclude>
    <ClInclude Include="..\Code\Player.h">
      <Filter>02.Object\01.Stage\01.LandObject\96.Player</Filter>
    </ClInclude>
    <ClInclude Include="..\Code\Cube.h">
      <Filter>02.Object\01.Stage\01.LandObject\97.Cube</Filter>
    </ClInclude>
    <ClInclude Include="..\Code\ObjectCol.h">
      <Filter>03.Collision\00.ObjectCol</Filter>
    </ClInclude>
    <ClInclude Include="..\Code\ObjectObserver.h">
      <Filter>04.Observer\00.ObjectObserver</Filter>
    </ClInclude>
    <ClInclude Include="stdafx.h">
      <Filter>99.Default</Filter>
    </ClInclude>
    <ClInclude Include="..\Code\TextMgr.h">
      <Filter>80.Manager\00.TextMgr</Filter>
    </ClInclude>
    <ClInclude Include="..\Code\Text.h">
      <Filter>91.Text</Filter>
    </ClInclude>
    <ClInclude Include="..\Code\Login.h">
      <Filter>01.Scene\00.Login</Filter>
    </ClInclude>
    <ClInclude Include="..\Code\ReactUI_2D.h">
      <Filter>90.UI\2D</Filter>
    </ClInclude>
    <ClInclude Include="..\Code\Lobby.h">
      <Filter>01.Scene\01.Lobby</Filter>
    </ClInclude>
    <ClInclude Include="..\Code\Coder.h">
      <Filter>70.NetWork</Filter>
    </ClInclude>
    <ClInclude Include="..\Code\Protocol.h">
      <Filter>70.NetWork</Filter>
    </ClInclude>
    <ClInclude Include="..\Code\NetMgr.h">
      <Filter>70.NetWork\00.NetMgr</Filter>
    </ClInclude>
    <ClInclude Include="..\Code\UserMgr.h">
      <Filter>70.NetWork\01.UserMgr</Filter>
    </ClInclude>
    <ClInclude Include="..\Code\User.h">
      <Filter>70.NetWork\99.User</Filter>
    </ClInclude>
    <ClInclude Include="..\Code\NetStruct.h">
      <Filter>70.NetWork</Filter>
    </ClInclude>
    <ClInclude Include="..\Code\Me.h">
      <Filter>70.NetWork\99.User\Me</Filter>
    </ClInclude>
    <ClInclude Include="..\Code\KeyMgr.h">
      <Filter>80.Manager\10.KeyMgr</Filter>
    </ClInclude>
    <ClInclude Include="MouseMgr.h">
      <Filter>80.Manager\11.MouseMgr</Filter>
    </ClInclude>
    <ClInclude Include="GameMgr.h">
      <Filter>80.Manager\01.GameMgr</Filter>
    </ClInclude>
    <ClInclude Include="Struct.h">
      <Filter>98.Headers</Filter>
    </ClInclude>
    <ClInclude Include="Scene_Loading.h">
      <Filter>01.Scene\02.Scene_Loading</Filter>
    </ClInclude>
    <ClInclude Include="Ingame.h">
      <Filter>01.Scene\03.Ingame</Filter>
    </ClInclude>
    <ClInclude Include="Gestalt.h">
      <Filter>02.Object\01.Stage\01.LandObject\04.Map\00.Gestalt</Filter>
    </ClInclude>
    <ClInclude Include="CameraMgr.h">
      <Filter>80.Manager\02.CameraMgr</Filter>
    </ClInclude>
    <ClInclude Include="..\Code\DynamicCamera.h">
      <Filter>02.Object\01.Stage\99.Camera\00.DynamicCamera</Filter>
    </ClInclude>
    <ClInclude Include="FpsCamera.h">
      <Filter>02.Object\01.Stage\99.Camera\01.FpsCamera</Filter>
    </ClInclude>
    <ClInclude Include="StaticCamera.h">
      <Filter>02.Object\01.Stage\99.Camera\02.StaticCamera</Filter>
    </ClInclude>
    <ClInclude Include="AssultRifle1st.h">
      <Filter>02.Object\01.Stage\01.LandObject\01.Weapon\00.1st\01.AssultRifle</Filter>
    </ClInclude>
    <ClInclude Include="FlakCannon1st.h">
      <Filter>02.Object\01.Stage\01.LandObject\01.Weapon\00.1st\02.FlakCannon</Filter>
    </ClInclude>
    <ClInclude Include="Weapon1st.h">
      <Filter>02.Object\01.Stage\01.LandObject\01.Weapon\00.1st</Filter>
    </ClInclude>
    <ClInclude Include="Weapon3rd.h">
      <Filter>02.Object\01.Stage\01.LandObject\01.Weapon\00.3rd</Filter>
    </ClInclude>
    <ClInclude Include="Character.h">
      <Filter>02.Object\01.Stage\01.LandObject\00.Character</Filter>
    </ClInclude>
    <ClInclude Include="MyCharacter.h">
      <Filter>02.Object\01.Stage\01.LandObject\00.Character\00.MyCharacter</Filter>
    </ClInclude>
    <ClInclude Include="GeneralMgr.h">
      <Filter>80.Manager\03.GeneralMgr</Filter>
    </ClInclude>
    <ClInclude Include="..\Code\Terrain.h">
      <Filter>02.Object\01.Stage\95.Terrain</Filter>
    </ClInclude>
    <ClInclude Include="BulletMgr.h">
      <Filter>80.Manager\04.BulletMgr</Filter>
    </ClInclude>
    <ClInclude Include="SphereCol.h">
      <Filter>03.Collision\01.SphereCol</Filter>
    </ClInclude>
    <ClInclude Include="CharCol.h">
      <Filter>03.Collision\02.CharCol</Filter>
    </ClInclude>
  </ItemGroup>
  <ItemGroup>
    <ClCompile Include="Client.cpp">
      <Filter>99.Default</Filter>
    </ClCompile>
    <ClCompile Include="..\Code\MainApp.cpp">
      <Filter>00.MainApp</Filter>
    </ClCompile>
    <ClCompile Include="stdafx.cpp">
      <Filter>99.Default</Filter>
    </ClCompile>
    <ClCompile Include="..\Code\Logo.cpp">
      <Filter>01.Scene\97.Logo</Filter>
    </ClCompile>
    <ClCompile Include="..\Code\LogoBack.cpp">
      <Filter>02.Object\00.Logo\00.LogoBack</Filter>
    </ClCompile>
    <ClCompile Include="..\Code\Stage.cpp">
      <Filter>01.Scene\98.Stage</Filter>
    </ClCompile>
    <ClCompile Include="..\Code\Loading.cpp">
      <Filter>01.Scene\99.Loading</Filter>
    </ClCompile>
    <ClCompile Include="..\Code\LandObject.cpp">
      <Filter>02.Object\01.Stage\01.LandObject</Filter>
    </ClCompile>
    <ClCompile Include="..\Code\Stone.cpp">
      <Filter>02.Object\01.Stage\01.LandObject\98.Stone</Filter>
    </ClCompile>
    <ClCompile Include="..\Code\Player.cpp">
      <Filter>02.Object\01.Stage\01.LandObject\96.Player</Filter>
    </ClCompile>
    <ClCompile Include="..\Code\Cube.cpp">
      <Filter>02.Object\01.Stage\01.LandObject\97.Cube</Filter>
    </ClCompile>
    <ClCompile Include="..\Code\ObjectCol.cpp">
      <Filter>03.Collision\00.ObjectCol</Filter>
    </ClCompile>
    <ClCompile Include="..\Code\ObjectObserver.cpp">
      <Filter>04.Observer\00.ObjectObserver</Filter>
    </ClCompile>
    <ClCompile Include="..\Code\TextMgr.cpp">
      <Filter>80.Manager\00.TextMgr</Filter>
    </ClCompile>
    <ClCompile Include="..\Code\Text.cpp">
      <Filter>91.Text</Filter>
    </ClCompile>
    <ClCompile Include="..\Code\Login.cpp">
      <Filter>01.Scene\00.Login</Filter>
    </ClCompile>
    <ClCompile Include="..\Code\ReactUI_2D.cpp">
      <Filter>90.UI\2D</Filter>
    </ClCompile>
    <ClCompile Include="..\Code\Lobby.cpp">
      <Filter>01.Scene\01.Lobby</Filter>
    </ClCompile>
    <ClCompile Include="..\Code\NetMgr.cpp">
      <Filter>70.NetWork\00.NetMgr</Filter>
    </ClCompile>
    <ClCompile Include="..\Code\UserMgr.cpp">
      <Filter>70.NetWork\01.UserMgr</Filter>
    </ClCompile>
    <ClCompile Include="..\Code\User.cpp">
      <Filter>70.NetWork\99.User</Filter>
    </ClCompile>
    <ClCompile Include="..\Code\Me.cpp">
      <Filter>70.NetWork\99.User\Me</Filter>
    </ClCompile>
    <ClCompile Include="..\Code\KeyMgr.cpp">
      <Filter>80.Manager\10.KeyMgr</Filter>
    </ClCompile>
    <ClCompile Include="MouseMgr.cpp">
      <Filter>80.Manager\11.MouseMgr</Filter>
    </ClCompile>
    <ClCompile Include="GameMgr.cpp">
      <Filter>80.Manager\01.GameMgr</Filter>
    </ClCompile>
    <ClCompile Include="Scene_Loading.cpp">
      <Filter>01.Scene\02.Scene_Loading</Filter>
    </ClCompile>
    <ClCompile Include="Ingame.cpp">
      <Filter>01.Scene\03.Ingame</Filter>
    </ClCompile>
    <ClCompile Include="Gestalt.cpp">
      <Filter>02.Object\01.Stage\01.LandObject\04.Map\00.Gestalt</Filter>
    </ClCompile>
    <ClCompile Include="CameraMgr.cpp">
      <Filter>80.Manager\02.CameraMgr</Filter>
    </ClCompile>
    <ClCompile Include="..\Code\DynamicCamera.cpp">
      <Filter>02.Object\01.Stage\99.Camera\00.DynamicCamera</Filter>
    </ClCompile>
    <ClCompile Include="FpsCamera.cpp">
      <Filter>02.Object\01.Stage\99.Camera\01.FpsCamera</Filter>
    </ClCompile>
    <ClCompile Include="StaticCamera.cpp">
      <Filter>02.Object\01.Stage\99.Camera\02.StaticCamera</Filter>
    </ClCompile>
    <ClCompile Include="AssultRifle1st.cpp">
      <Filter>02.Object\01.Stage\01.LandObject\01.Weapon\00.1st\01.AssultRifle</Filter>
    </ClCompile>
    <ClCompile Include="FlakCannon1st.cpp">
      <Filter>02.Object\01.Stage\01.LandObject\01.Weapon\00.1st\02.FlakCannon</Filter>
    </ClCompile>
    <ClCompile Include="Weapon1st.cpp">
      <Filter>02.Object\01.Stage\01.LandObject\01.Weapon\00.1st</Filter>
    </ClCompile>
    <ClCompile Include="Weapon3rd.cpp">
      <Filter>02.Object\01.Stage\01.LandObject\01.Weapon\00.3rd</Filter>
    </ClCompile>
    <ClCompile Include="Character.cpp">
      <Filter>02.Object\01.Stage\01.LandObject\00.Character</Filter>
    </ClCompile>
    <ClCompile Include="MyCharacter.cpp">
      <Filter>02.Object\01.Stage\01.LandObject\00.Character\00.MyCharacter</Filter>
    </ClCompile>
    <ClCompile Include="GeneralMgr.cpp">
      <Filter>80.Manager\03.GeneralMgr</Filter>
    </ClCompile>
    <ClCompile Include="..\Code\Terrain.cpp">
      <Filter>02.Object\01.Stage\95.Terrain</Filter>
    </ClCompile>
    <ClCompile Include="BulletMgr.cpp">
      <Filter>80.Manager\04.BulletMgr</Filter>
    </ClCompile>
    <ClCompile Include="SphereCol.cpp">
      <Filter>03.Collision\01.SphereCol</Filter>
    </ClCompile>
    <ClCompile Include="CharCol.cpp">
      <Filter>03.Collision\02.CharCol</Filter>
    </ClCompile>
  </ItemGroup>
  <ItemGroup>
    <Image Include="small.ico">
      <Filter>99.Default</Filter>
    </Image>
    <Image Include="Client.ico">
      <Filter>99.Default</Filter>
    </Image>
  </ItemGroup>
  <ItemGroup>
    <Text Include="ReadMe.txt">
      <Filter>99.Default</Filter>
    </Text>
  </ItemGroup>
  <ItemGroup>
    <FxCompile Include="..\bin\color.fx">
      <Filter>98.FX</Filter>
    </FxCompile>
    <FxCompile Include="LightHelper.fx">
      <Filter>98.FX</Filter>
    </FxCompile>
    <FxCompile Include="Lighting.fx">
      <Filter>98.FX</Filter>
    </FxCompile>
    <FxCompile Include="myshader.fx">
      <Filter>98.FX</Filter>
    </FxCompile>
    <FxCompile Include="basic.fx">
      <Filter>98.FX</Filter>
    </FxCompile>
  </ItemGroup>
  <ItemGroup>
    <ResourceCompile Include="Client.rc">
      <Filter>99.Default</Filter>
    </ResourceCompile>
  </ItemGroup>
</Project>