<?xml version="1.0" encoding="utf-8"?>
<Project ToolsVersion="4.0" xmlns="http://schemas.microsoft.com/developer/msbuild/2003">
  <ItemGroup>
    <Filter Include="Header Files">
      <UniqueIdentifier>{93995380-89BD-4b04-88EB-625FBE52EBFB}</UniqueIdentifier>
      <Extensions>h;hh;hpp;hxx;hm;inl;inc;xsd</Extensions>
    </Filter>
    <Filter Include="Header Files\99.Headers">
      <UniqueIdentifier>{2073545a-f801-4edf-aa16-97a1f4a17d3e}</UniqueIdentifier>
    </Filter>
    <Filter Include="Source Files">
      <UniqueIdentifier>{4FC737F1-C7A5-4376-A066-2A32D752A2FF}</UniqueIdentifier>
      <Extensions>cpp;c;cc;cxx;def;odl;idl;hpj;bat;asm;asmx</Extensions>
    </Filter>
    <Filter Include="Resource Files">
      <UniqueIdentifier>{67DA6AB6-F800-4c08-8B7A-83BB121AAD01}</UniqueIdentifier>
      <Extensions>rc;ico;cur;bmp;dlg;rc2;rct;bin;rgs;gif;jpg;jpeg;jpe;resx;tiff;tif;png;wav;mfcribbon-ms</Extensions>
    </Filter>
    <Filter Include="Source Files\99.Default">
      <UniqueIdentifier>{9926a24d-0181-4bf9-87dd-8c53b5e77c51}</UniqueIdentifier>
    </Filter>
    <Filter Include="Source Files\00.MainApp">
      <UniqueIdentifier>{e956cd6f-49d5-40e6-bd88-95b21482da9f}</UniqueIdentifier>
    </Filter>
    <Filter Include="Source Files\98.FX">
      <UniqueIdentifier>{9298ddb6-3f75-4d1d-8fe3-0fe542e1fd47}</UniqueIdentifier>
    </Filter>
    <Filter Include="Source Files\01.Scene">
      <UniqueIdentifier>{bc781e1c-fd63-48bf-84b5-de5ff131e629}</UniqueIdentifier>
    </Filter>
    <Filter Include="Source Files\01.Scene\00.Logo">
      <UniqueIdentifier>{c826868b-f779-4927-801e-0a35f66b4a0e}</UniqueIdentifier>
    </Filter>
    <Filter Include="Source Files\01.Scene\99.Loading">
      <UniqueIdentifier>{5d12369a-a4be-4572-ae37-0c1053e9e213}</UniqueIdentifier>
    </Filter>
    <Filter Include="Source Files\02.Object">
      <UniqueIdentifier>{fca4fe7a-301b-46fa-a38c-119bf7dba4e0}</UniqueIdentifier>
    </Filter>
    <Filter Include="Source Files\02.Object\00.Logo">
      <UniqueIdentifier>{cf3f99fa-7d65-476a-9e92-3c549fe7953c}</UniqueIdentifier>
    </Filter>
    <Filter Include="Source Files\02.Object\01.Stage">
      <UniqueIdentifier>{0099ab9a-6db6-4226-b6a6-42edbfc66f46}</UniqueIdentifier>
    </Filter>
    <Filter Include="Source Files\02.Object\01.Stage\00.Terrain">
      <UniqueIdentifier>{bc0a190a-e0cd-43e4-904e-58e715237e3d}</UniqueIdentifier>
    </Filter>
    <Filter Include="Source Files\02.Object\01.Stage\99.Camera">
      <UniqueIdentifier>{ea34b670-80fc-4e27-a289-3c432836d36f}</UniqueIdentifier>
    </Filter>
    <Filter Include="Source Files\02.Object\00.Logo\00.LogoBack">
      <UniqueIdentifier>{78a7d3e1-34e4-404c-8342-b3f4ba89e339}</UniqueIdentifier>
    </Filter>
    <Filter Include="Source Files\02.Object\01.Stage\01.LandObject">
      <UniqueIdentifier>{06b5562c-7f9b-4284-b2f7-4ee9cff09dc8}</UniqueIdentifier>
    </Filter>
    <Filter Include="Source Files\02.Object\01.Stage\01.LandObject\00.Player">
      <UniqueIdentifier>{2e1cad9b-1d12-4ece-a929-574261bd0795}</UniqueIdentifier>
    </Filter>
    <Filter Include="Source Files\02.Object\01.Stage\01.LandObject\02.Stone">
      <UniqueIdentifier>{2dd152b8-d6d3-4d48-9f2a-4301003f244e}</UniqueIdentifier>
    </Filter>
    <Filter Include="Source Files\02.Object\01.Stage\01.LandObject\03.Cube">
      <UniqueIdentifier>{ebec4b77-2799-4ef9-8085-79e38c513df0}</UniqueIdentifier>
    </Filter>
    <Filter Include="Source Files\03.Collision">
      <UniqueIdentifier>{02334d63-47e8-4438-a95e-528e570e20fa}</UniqueIdentifier>
    </Filter>
    <Filter Include="Source Files\04.Observer">
      <UniqueIdentifier>{b609ee51-8229-4bda-83b0-e4682f0a233a}</UniqueIdentifier>
    </Filter>
    <Filter Include="Source Files\03.Collision\00.ObjectCol">
      <UniqueIdentifier>{c78807cf-060c-4d11-a26c-4c16daf86233}</UniqueIdentifier>
    </Filter>
    <Filter Include="Source Files\04.Observer\00.ObjectObserver">
      <UniqueIdentifier>{84fe5882-cd2c-46c5-9708-299ba6c83b46}</UniqueIdentifier>
    </Filter>
    <Filter Include="Source Files\02.Object\01.Stage\10.Weapon">
      <UniqueIdentifier>{7b6376c4-6805-4d26-95f4-a4fc85b6386b}</UniqueIdentifier>
    </Filter>
    <Filter Include="Source Files\02.Object\01.Stage\10.Weapon\00.Bow">
      <UniqueIdentifier>{ddba7f19-cb60-4db2-b289-66040966ac5b}</UniqueIdentifier>
    </Filter>
    <Filter Include="Source Files\02.Object\01.Stage\01.LandObject\01.Monster">
      <UniqueIdentifier>{8aa6a074-cbe3-4d12-ab45-fc6080b9e13d}</UniqueIdentifier>
    </Filter>
    <Filter Include="Source Files\02.Object\01.Stage\01.LandObject\04.Box">
      <UniqueIdentifier>{235341bd-29ac-429a-b80e-e726edf379e1}</UniqueIdentifier>
    </Filter>
    <Filter Include="Source Files\02.Object\01.Stage\01.LandObject\05.Waves">
      <UniqueIdentifier>{a635ad94-28d7-44ee-be82-eae68027429e}</UniqueIdentifier>
    </Filter>
    <Filter Include="Source Files\02.Object\01.Stage\01.LandObject\06.Rain">
      <UniqueIdentifier>{436b46b1-3b3f-4df7-b80a-8dc730533b00}</UniqueIdentifier>
    </Filter>
    <Filter Include="Source Files\02.Object\01.Stage\02.SkyBox">
      <UniqueIdentifier>{48a5c792-5cf4-461e-8c80-fb915b97e042}</UniqueIdentifier>
    </Filter>
    <Filter Include="Source Files\02.Object\01.Stage\03.UI">
      <UniqueIdentifier>{3ff4788f-fa9a-4ec4-b61d-a1c0a3869bf0}</UniqueIdentifier>
    </Filter>
    <Filter Include="Source Files\01.Scene\01.Select">
      <UniqueIdentifier>{bc38012d-c253-4484-9150-4dbf8ac70036}</UniqueIdentifier>
    </Filter>
    <Filter Include="Source Files\02.Object\00.Logo\01.SelectBack">
      <UniqueIdentifier>{d6a65706-8db5-4c99-80f9-2fe71d61d7a5}</UniqueIdentifier>
    </Filter>
    <Filter Include="Source Files\02.Object\00.Logo\01.SelectBack\Menu">
      <UniqueIdentifier>{2fc33b5a-dc0b-495d-9524-f8bca9c77692}</UniqueIdentifier>
    </Filter>
    <Filter Include="Source Files\02.Object\00.Logo\02.QuestBack">
      <UniqueIdentifier>{a4621d16-77de-45c9-8341-6ac51e22e0d8}</UniqueIdentifier>
    </Filter>
    <Filter Include="Source Files\02.Object\01.Stage\03.UI\PlayerUI">
      <UniqueIdentifier>{f8ba4a54-fb7c-49a4-b964-a2fd10e4d3cf}</UniqueIdentifier>
    </Filter>
    <Filter Include="Source Files\01.Scene\02.Stage">
      <UniqueIdentifier>{77f69bea-4ab1-4810-b5de-c0313d75c723}</UniqueIdentifier>
    </Filter>
    <Filter Include="Source Files\02.Object\01.Stage\99.Camera\98.Mouse">
      <UniqueIdentifier>{2e8b97d9-2d16-4353-b6b0-2eb57e0c76c7}</UniqueIdentifier>
    </Filter>
  </ItemGroup>
  <ItemGroup>
    <ClInclude Include="..\Headers\Include.h">
      <Filter>Header Files\99.Headers</Filter>
    </ClInclude>
    <ClInclude Include="..\Headers\Enum.h">
      <Filter>Header Files\99.Headers</Filter>
    </ClInclude>
    <ClInclude Include="..\Headers\Const.h">
      <Filter>Header Files\99.Headers</Filter>
    </ClInclude>
    <ClInclude Include="..\Headers\Define.h">
      <Filter>Header Files\99.Headers</Filter>
    </ClInclude>
    <ClInclude Include="Resource.h">
      <Filter>Source Files\99.Default</Filter>
    </ClInclude>
    <ClInclude Include="targetver.h">
      <Filter>Source Files\99.Default</Filter>
    </ClInclude>
    <ClInclude Include="Client.h">
      <Filter>Source Files\99.Default</Filter>
    </ClInclude>
    <ClInclude Include="stdafx.h">
      <Filter>Header Files</Filter>
    </ClInclude>
    <ClInclude Include="..\Code\MainApp.h">
      <Filter>Source Files\00.MainApp</Filter>
    </ClInclude>
    <ClInclude Include="..\Code\Logo.h">
      <Filter>Source Files\01.Scene\00.Logo</Filter>
    </ClInclude>
    <ClInclude Include="..\Code\LogoBack.h">
      <Filter>Source Files\02.Object\00.Logo\00.LogoBack</Filter>
    </ClInclude>
    <ClInclude Include="..\Code\Stage.h">
      <Filter>Source Files\01.Scene\02.Stage</Filter>
    </ClInclude>
    <ClInclude Include="..\Code\Terrain.h">
      <Filter>Source Files\02.Object\01.Stage\00.Terrain</Filter>
    </ClInclude>
    <ClInclude Include="SceneSelector.h">
      <Filter>Source Files\01.Scene</Filter>
    </ClInclude>
    <ClInclude Include="..\Code\Loading.h">
      <Filter>Source Files\01.Scene\99.Loading</Filter>
    </ClInclude>
    <ClInclude Include="..\Code\LandObject.h">
      <Filter>Source Files\02.Object\01.Stage\01.LandObject</Filter>
    </ClInclude>
    <ClInclude Include="..\Code\Stone.h">
      <Filter>Source Files\02.Object\01.Stage\01.LandObject\02.Stone</Filter>
    </ClInclude>
    <ClInclude Include="..\Code\Player.h">
      <Filter>Source Files\02.Object\01.Stage\01.LandObject\00.Player</Filter>
    </ClInclude>
    <ClInclude Include="..\Code\Cube.h">
      <Filter>Source Files\02.Object\01.Stage\01.LandObject\03.Cube</Filter>
    </ClInclude>
    <ClInclude Include="..\Code\ObjectCol.h">
      <Filter>Source Files\03.Collision\00.ObjectCol</Filter>
    </ClInclude>
    <ClInclude Include="..\Code\Bow.h">
      <Filter>Source Files\02.Object\01.Stage\10.Weapon\00.Bow</Filter>
    </ClInclude>
    <ClInclude Include="..\Code\ObjectObserver.h">
      <Filter>Source Files\04.Observer\00.ObjectObserver</Filter>
    </ClInclude>
    <ClInclude Include="..\Code\Box.h">
      <Filter>Source Files\02.Object\01.Stage\01.LandObject\04.Box</Filter>
    </ClInclude>
    <ClInclude Include="..\Code\Waves.h">
      <Filter>Source Files\02.Object\01.Stage\01.LandObject\05.Waves</Filter>
    </ClInclude>
    <ClInclude Include="..\Code\Rain.h">
      <Filter>Source Files\02.Object\01.Stage\01.LandObject\06.Rain</Filter>
    </ClInclude>
    <ClInclude Include="..\Code\Rain2.h">
      <Filter>Source Files\02.Object\01.Stage\01.LandObject\06.Rain</Filter>
    </ClInclude>
    <ClInclude Include="..\Code\SkyBox.h">
      <Filter>Source Files\02.Object\01.Stage\02.SkyBox</Filter>
    </ClInclude>
    <ClInclude Include="..\Code\SkyBox1.h">
      <Filter>Source Files\02.Object\01.Stage\02.SkyBox</Filter>
    </ClInclude>
    <ClInclude Include="..\Code\UI.h">
      <Filter>Source Files\02.Object\01.Stage\03.UI</Filter>
    </ClInclude>
    <ClInclude Include="..\Code\Select.h">
      <Filter>Source Files\01.Scene\01.Select</Filter>
    </ClInclude>
    <ClInclude Include="..\Code\SelectBack.h">
      <Filter>Source Files\02.Object\00.Logo\01.SelectBack</Filter>
    </ClInclude>
    <ClInclude Include="..\Code\SelectMenu.h">
      <Filter>Source Files\02.Object\00.Logo\01.SelectBack\Menu</Filter>
    </ClInclude>
    <ClInclude Include="..\Code\SelectMenu1.h">
      <Filter>Source Files\02.Object\00.Logo\01.SelectBack\Menu</Filter>
    </ClInclude>
    <ClInclude Include="..\Code\SelectMenu2.h">
      <Filter>Source Files\02.Object\00.Logo\01.SelectBack\Menu</Filter>
    </ClInclude>
    <ClInclude Include="..\Code\SelectMenu3.h">
      <Filter>Source Files\02.Object\00.Logo\01.SelectBack\Menu</Filter>
    </ClInclude>
    <ClInclude Include="..\Code\SelectMenu4.h">
      <Filter>Source Files\02.Object\00.Logo\01.SelectBack\Menu</Filter>
    </ClInclude>
    <ClInclude Include="..\Code\SelectMenu5.h">
      <Filter>Source Files\02.Object\00.Logo\01.SelectBack\Menu</Filter>
    </ClInclude>
    <ClInclude Include="..\Code\SelectMenu6.h">
      <Filter>Source Files\02.Object\00.Logo\01.SelectBack\Menu</Filter>
    </ClInclude>
    <ClInclude Include="..\Code\Mouse.h">
      <Filter>Source Files\02.Object\01.Stage\99.Camera\98.Mouse</Filter>
    </ClInclude>
    <ClInclude Include="..\Code\SelectMenu7.h">
      <Filter>Source Files\02.Object\00.Logo\01.SelectBack\Menu</Filter>
    </ClInclude>
    <ClInclude Include="..\Code\SelectMenu8.h">
      <Filter>Source Files\02.Object\00.Logo\01.SelectBack\Menu</Filter>
    </ClInclude>
    <ClInclude Include="..\Code\SelectMenu9.h">
      <Filter>Source Files\02.Object\00.Logo\01.SelectBack\Menu</Filter>
    </ClInclude>
    <ClInclude Include="..\Code\PlayerUI1.h">
      <Filter>Source Files\02.Object\01.Stage\03.UI\PlayerUI</Filter>
    </ClInclude>
    <ClInclude Include="..\Code\PlayerUI2.h">
      <Filter>Source Files\02.Object\01.Stage\03.UI\PlayerUI</Filter>
    </ClInclude>
    <ClInclude Include="..\Code\PlayerUI3.h">
      <Filter>Source Files\02.Object\01.Stage\03.UI\PlayerUI</Filter>
    </ClInclude>
    <ClInclude Include="..\Code\SelectMenu10.h">
      <Filter>Source Files\02.Object\00.Logo\01.SelectBack\Menu</Filter>
    </ClInclude>
    <ClInclude Include="..\Code\Monster.h">
      <Filter>Source Files\02.Object\01.Stage\01.LandObject\01.Monster</Filter>
    </ClInclude>
    <ClInclude Include="..\Code\StaticCamera.h">
      <Filter>Source Files\02.Object\01.Stage\99.Camera</Filter>
    </ClInclude>
    <ClInclude Include="..\Code\LogoLetter.h">
      <Filter>Source Files\02.Object\00.Logo\00.LogoBack</Filter>
    </ClInclude>
  </ItemGroup>
  <ItemGroup>
    <ClCompile Include="Client.cpp">
      <Filter>Source Files\99.Default</Filter>
    </ClCompile>
    <ClCompile Include="..\Code\MainApp.cpp">
      <Filter>Source Files\00.MainApp</Filter>
    </ClCompile>
    <ClCompile Include="stdafx.cpp">
      <Filter>Source Files\99.Default</Filter>
    </ClCompile>
    <ClCompile Include="..\Code\Logo.cpp">
      <Filter>Source Files\01.Scene\00.Logo</Filter>
    </ClCompile>
    <ClCompile Include="..\Code\LogoBack.cpp">
      <Filter>Source Files\02.Object\00.Logo\00.LogoBack</Filter>
    </ClCompile>
    <ClCompile Include="..\Code\Stage.cpp">
      <Filter>Source Files\01.Scene\02.Stage</Filter>
    </ClCompile>
    <ClCompile Include="..\Code\Terrain.cpp">
      <Filter>Source Files\02.Object\01.Stage\00.Terrain</Filter>
    </ClCompile>
    <ClCompile Include="..\Code\Loading.cpp">
      <Filter>Source Files\01.Scene\99.Loading</Filter>
    </ClCompile>
    <ClCompile Include="..\Code\LandObject.cpp">
      <Filter>Source Files\02.Object\01.Stage\01.LandObject</Filter>
    </ClCompile>
    <ClCompile Include="..\Code\Stone.cpp">
      <Filter>Source Files\02.Object\01.Stage\01.LandObject\02.Stone</Filter>
    </ClCompile>
    <ClCompile Include="..\Code\Cube.cpp">
      <Filter>Source Files\02.Object\01.Stage\01.LandObject\03.Cube</Filter>
    </ClCompile>
    <ClCompile Include="..\Code\ObjectCol.cpp">
      <Filter>Source Files\03.Collision\00.ObjectCol</Filter>
    </ClCompile>
    <ClCompile Include="..\Code\Bow.cpp">
      <Filter>Source Files\02.Object\01.Stage\10.Weapon\00.Bow</Filter>
    </ClCompile>
    <ClCompile Include="..\Code\ObjectObserver.cpp">
      <Filter>Source Files\04.Observer\00.ObjectObserver</Filter>
    </ClCompile>
    <ClCompile Include="..\Code\Player.cpp">
      <Filter>Source Files\02.Object\01.Stage\01.LandObject\00.Player</Filter>
    </ClCompile>
    <ClCompile Include="..\Code\Box.cpp">
      <Filter>Source Files\02.Object\01.Stage\01.LandObject\04.Box</Filter>
    </ClCompile>
    <ClCompile Include="..\Code\Waves.cpp">
      <Filter>Source Files\02.Object\01.Stage\01.LandObject\05.Waves</Filter>
    </ClCompile>
    <ClCompile Include="..\Code\Rain.cpp">
      <Filter>Source Files\02.Object\01.Stage\01.LandObject\06.Rain</Filter>
    </ClCompile>
    <ClCompile Include="..\Code\Rain2.cpp">
      <Filter>Source Files\02.Object\01.Stage\01.LandObject\06.Rain</Filter>
    </ClCompile>
    <ClCompile Include="..\Code\SkyBox.cpp">
      <Filter>Source Files\02.Object\01.Stage\02.SkyBox</Filter>
    </ClCompile>
    <ClCompile Include="..\Code\SkyBox1.cpp">
      <Filter>Source Files\02.Object\01.Stage\02.SkyBox</Filter>
    </ClCompile>
    <ClCompile Include="..\Code\UI.cpp">
      <Filter>Source Files\02.Object\01.Stage\03.UI</Filter>
    </ClCompile>
    <ClCompile Include="..\Code\Select.cpp">
      <Filter>Source Files\01.Scene\01.Select</Filter>
    </ClCompile>
    <ClCompile Include="..\Code\SelectBack.cpp">
      <Filter>Source Files\02.Object\00.Logo\01.SelectBack</Filter>
    </ClCompile>
    <ClCompile Include="..\Code\SelectMenu.cpp">
      <Filter>Source Files\02.Object\00.Logo\01.SelectBack\Menu</Filter>
    </ClCompile>
    <ClCompile Include="..\Code\SelectMenu1.cpp">
      <Filter>Source Files\02.Object\00.Logo\01.SelectBack\Menu</Filter>
    </ClCompile>
    <ClCompile Include="..\Code\SelectMenu2.cpp">
      <Filter>Source Files\02.Object\00.Logo\01.SelectBack\Menu</Filter>
    </ClCompile>
    <ClCompile Include="..\Code\SelectMenu3.cpp">
      <Filter>Source Files\02.Object\00.Logo\01.SelectBack\Menu</Filter>
    </ClCompile>
    <ClCompile Include="..\Code\SelectMenu4.cpp">
      <Filter>Source Files\02.Object\00.Logo\01.SelectBack\Menu</Filter>
    </ClCompile>
    <ClCompile Include="..\Code\SelectMenu5.cpp">
      <Filter>Source Files\02.Object\00.Logo\01.SelectBack\Menu</Filter>
    </ClCompile>
    <ClCompile Include="..\Code\SelectMenu6.cpp">
      <Filter>Source Files\02.Object\00.Logo\01.SelectBack\Menu</Filter>
    </ClCompile>
    <ClCompile Include="..\Code\Mouse.cpp">
      <Filter>Source Files\02.Object\01.Stage\99.Camera\98.Mouse</Filter>
    </ClCompile>
    <ClCompile Include="..\Code\SelectMenu7.cpp">
      <Filter>Source Files\02.Object\00.Logo\01.SelectBack\Menu</Filter>
    </ClCompile>
    <ClCompile Include="..\Code\SelectMenu8.cpp">
      <Filter>Source Files\02.Object\00.Logo\01.SelectBack\Menu</Filter>
    </ClCompile>
    <ClCompile Include="..\Code\SelectMenu9.cpp">
      <Filter>Source Files\02.Object\00.Logo\01.SelectBack\Menu</Filter>
    </ClCompile>
    <ClCompile Include="..\Code\SelectMenu10.cpp">
      <Filter>Source Files\02.Object\00.Logo\01.SelectBack\Menu</Filter>
    </ClCompile>
    <ClCompile Include="..\Code\PlayerUI1.cpp">
      <Filter>Source Files\02.Object\01.Stage\03.UI\PlayerUI</Filter>
    </ClCompile>
    <ClCompile Include="..\Code\PlayerUI2.cpp">
      <Filter>Source Files\02.Object\01.Stage\03.UI\PlayerUI</Filter>
    </ClCompile>
    <ClCompile Include="..\Code\PlayerUI3.cpp">
      <Filter>Source Files\02.Object\01.Stage\03.UI\PlayerUI</Filter>
    </ClCompile>
    <ClCompile Include="..\Code\Monster.cpp">
      <Filter>Source Files\02.Object\01.Stage\01.LandObject\01.Monster</Filter>
    </ClCompile>
    <ClCompile Include="..\Code\StaticCamera.cpp">
      <Filter>Source Files\02.Object\01.Stage\99.Camera</Filter>
    </ClCompile>
    <ClCompile Include="..\Code\LogoLetter.cpp">
      <Filter>Source Files\02.Object\00.Logo\00.LogoBack</Filter>
    </ClCompile>
  </ItemGroup>
  <ItemGroup>
    <ResourceCompile Include="Client.rc">
      <Filter>Resource Files</Filter>
    </ResourceCompile>
  </ItemGroup>
  <ItemGroup>
    <Image Include="small.ico">
      <Filter>Resource Files</Filter>
    </Image>
    <Image Include="Client.ico">
      <Filter>Resource Files</Filter>
    </Image>
  </ItemGroup>
  <ItemGroup>
    <Text Include="ReadMe.txt">
      <Filter>Source Files\99.Default</Filter>
    </Text>
  </ItemGroup>
  <ItemGroup>
    <FxCompile Include="..\bin\FX\myshader.fx">
      <Filter>Source Files\98.FX</Filter>
    </FxCompile>
    <FxCompile Include="..\bin\FX\basic.fx">
      <Filter>Source Files\98.FX</Filter>
    </FxCompile>
    <FxCompile Include="..\bin\FX\color.fx">
      <Filter>Source Files\98.FX</Filter>
    </FxCompile>
    <FxCompile Include="..\bin\FX\LightHelper.fx">
      <Filter>Source Files\98.FX</Filter>
    </FxCompile>
    <FxCompile Include="..\bin\FX\Lighting.fx">
      <Filter>Source Files\98.FX</Filter>
    </FxCompile>
  </ItemGroup>
</Project>