<?xml version="1.0" encoding="utf-8"?>
<Project ToolsVersion="4.0" xmlns="http://schemas.microsoft.com/developer/msbuild/2003">
  <ItemGroup>
    <Filter Include="00.Manager">
      <UniqueIdentifier>{c8cd0c97-3e13-4314-ad52-f589290b6234}</UniqueIdentifier>
    </Filter>
    <Filter Include="01.Resource">
      <UniqueIdentifier>{eaa617f4-b148-439a-9c2b-464abd095ed6}</UniqueIdentifier>
    </Filter>
    <Filter Include="01.Resource\00.Buffer">
      <UniqueIdentifier>{b1a9e62a-8b69-4410-930c-14c9b4a741e9}</UniqueIdentifier>
    </Filter>
    <Filter Include="01.Resource\01.Texture">
      <UniqueIdentifier>{c270de91-564a-42c6-bedb-96fb63d3afe3}</UniqueIdentifier>
    </Filter>
    <Filter Include="01.Resource\99.Export">
      <UniqueIdentifier>{6532165e-47a3-421b-879b-a960878c4a25}</UniqueIdentifier>
    </Filter>
    <Filter Include="01.Resource\00.Buffer\00.TriColor">
      <UniqueIdentifier>{20acec61-577e-4c6c-8871-811d43491040}</UniqueIdentifier>
    </Filter>
    <Filter Include="01.Resource\00.Buffer\01.RcColor">
      <UniqueIdentifier>{3a4c7501-9a7c-4b13-9e28-167ec8f215e1}</UniqueIdentifier>
    </Filter>
    <Filter Include="98.FX">
      <UniqueIdentifier>{aafe376a-220b-4add-8058-cdd9efdd8edd}</UniqueIdentifier>
    </Filter>
    <Filter Include="01.Resource\00.Buffer\10.RcTex">
      <UniqueIdentifier>{36b9bdf2-91f2-46a1-a960-28863dcecb61}</UniqueIdentifier>
    </Filter>
    <Filter Include="01.Resource\00.Buffer\02.CubeColor">
      <UniqueIdentifier>{ce13b691-401f-4b82-a019-86bdb9459b0c}</UniqueIdentifier>
    </Filter>
    <Filter Include="10.Reader">
      <UniqueIdentifier>{4284dba7-4fae-45e1-9908-caea2e98a5d4}</UniqueIdentifier>
    </Filter>
    <Filter Include="10.Reader\00.WavefrontReader">
      <UniqueIdentifier>{34c32d18-4949-494e-9738-bcd59a3a535f}</UniqueIdentifier>
    </Filter>
    <Filter Include="01.Resource\02.Mesh">
      <UniqueIdentifier>{e6717519-8901-49b8-8bd0-c96c6c25c7bf}</UniqueIdentifier>
    </Filter>
    <Filter Include="01.Resource\02.Mesh\00.StaticMesh">
      <UniqueIdentifier>{8b7a5252-c324-400d-b5a4-37daef34f5d8}</UniqueIdentifier>
    </Filter>
    <Filter Include="00.Manager\00.ResourceMgr">
      <UniqueIdentifier>{05f38d79-3f16-4263-81ed-b99479c2480f}</UniqueIdentifier>
    </Filter>
    <Filter Include="00.Manager\01.ModelMgr">
      <UniqueIdentifier>{81e81975-e3b1-46b5-a251-e8e243885dd5}</UniqueIdentifier>
    </Filter>
    <Filter Include="01.Resource\03.Model">
      <UniqueIdentifier>{a2a49836-b119-4e45-9194-e76549de5f66}</UniqueIdentifier>
    </Filter>
    <Filter Include="01.Resource\03.Model\ModelMesh">
      <UniqueIdentifier>{57ca4cdc-b98f-4d94-af4e-2306f38afa39}</UniqueIdentifier>
    </Filter>
    <Filter Include="01.Resource\03.Model\ModelObj">
      <UniqueIdentifier>{dcf5a926-497b-42df-9d4b-a34cdf9009f5}</UniqueIdentifier>
    </Filter>
    <Filter Include="01.Resource\02.Mesh\01.DynamicMesh">
      <UniqueIdentifier>{018a9b72-6924-4412-8950-a93a6a6ca105}</UniqueIdentifier>
    </Filter>
    <Filter Include="01.Resource\02.Mesh\01.DynamicMesh\00.SkinnedModel">
      <UniqueIdentifier>{cb44d582-9486-42ca-9335-c9d7ee0d855f}</UniqueIdentifier>
    </Filter>
    <Filter Include="01.Resource\02.Mesh\01.DynamicMesh\01.SkinnedMesh">
      <UniqueIdentifier>{e31d641d-4ae6-4d6b-bbdf-83f1fb5e738f}</UniqueIdentifier>
    </Filter>
    <Filter Include="SceneAnimator">
      <UniqueIdentifier>{c0fa9f48-97ce-4738-81d7-b405a9efc0cd}</UniqueIdentifier>
    </Filter>
    <Filter Include="01.Resource\03.Primitive">
      <UniqueIdentifier>{9b6adc0d-5e7b-4ed5-af8c-70370b7e9220}</UniqueIdentifier>
    </Filter>
    <Filter Include="01.Resource\03.Primitive\PrimitiveFactory">
      <UniqueIdentifier>{5b4bc248-e853-4dbd-b7c0-9cd9c853484e}</UniqueIdentifier>
    </Filter>
    <Filter Include="01.Resource\00.Buffer\12.TerrainTex">
      <UniqueIdentifier>{37fcd314-64e9-4932-bdfd-572c0a4b791f}</UniqueIdentifier>
    </Filter>
    <Filter Include="01.Resource\00.Buffer\11.CubeTex">
      <UniqueIdentifier>{a688d4f2-a718-4557-b173-878a5db2b19c}</UniqueIdentifier>
    </Filter>
    <Filter Include="01.Resource\00.Buffer\13.SphereTex">
      <UniqueIdentifier>{5fa1e687-0c34-4c28-aff9-c03603ba1041}</UniqueIdentifier>
    </Filter>
    <Filter Include="01.Resource\00.Buffer\15.WavesTex">
      <UniqueIdentifier>{a9560ee3-a902-49eb-a743-30be62f410f0}</UniqueIdentifier>
    </Filter>
  </ItemGroup>
  <ItemGroup>
    <ClInclude Include="..\Code\Resources.h">
      <Filter>01.Resource</Filter>
    </ClInclude>
    <ClInclude Include="..\Code\VIBuffer.h">
      <Filter>01.Resource\00.Buffer</Filter>
    </ClInclude>
    <ClInclude Include="..\Code\TriColor.h">
      <Filter>01.Resource\00.Buffer\00.TriColor</Filter>
    </ClInclude>
    <ClInclude Include="..\Code\RcColor.h">
      <Filter>01.Resource\00.Buffer\01.RcColor</Filter>
    </ClInclude>
    <ClInclude Include="..\Code\Texture.h">
      <Filter>01.Resource\01.Texture</Filter>
    </ClInclude>
    <ClInclude Include="..\Code\RcTex.h">
      <Filter>01.Resource\00.Buffer\10.RcTex</Filter>
    </ClInclude>
    <ClInclude Include="..\Code\CubeColor.h">
      <Filter>01.Resource\00.Buffer\02.CubeColor</Filter>
    </ClInclude>
    <ClInclude Include="..\Code\TerrainTex.h">
      <Filter>01.Resource\00.Buffer\12.TerrainTex</Filter>
    </ClInclude>
    <ClInclude Include="..\..\Export\Export_Resources.h">
      <Filter>01.Resource\99.Export</Filter>
    </ClInclude>
    <ClInclude Include="..\Code\ResourceMgr.h">
      <Filter>00.Manager\00.ResourceMgr</Filter>
    </ClInclude>
    <ClInclude Include="..\Code\StaticMesh.h">
      <Filter>01.Resource\02.Mesh\00.StaticMesh</Filter>
    </ClInclude>
    <ClInclude Include="..\Code\WaveFrontReader.h">
      <Filter>10.Reader\00.WavefrontReader</Filter>
    </ClInclude>
    <ClInclude Include="..\Code\ModelMgr.h">
      <Filter>00.Manager\01.ModelMgr</Filter>
    </ClInclude>
    <ClInclude Include="..\Code\ModelObj.h">
      <Filter>01.Resource\03.Model\ModelObj</Filter>
    </ClInclude>
    <ClInclude Include="..\Code\ModelMesh.h">
      <Filter>01.Resource\03.Model\ModelMesh</Filter>
    </ClInclude>
    <ClInclude Include="..\Code\DynamicMesh.h">
      <Filter>01.Resource\02.Mesh\01.DynamicMesh</Filter>
    </ClInclude>
    <ClInclude Include="..\Code\SkinnedModel.h">
      <Filter>01.Resource\02.Mesh\01.DynamicMesh\00.SkinnedModel</Filter>
    </ClInclude>
    <ClInclude Include="..\Code\SkinnedMesh.h">
      <Filter>01.Resource\02.Mesh\01.DynamicMesh\01.SkinnedMesh</Filter>
    </ClInclude>
    <ClInclude Include="..\Code\Mesh.h">
      <Filter>01.Resource\02.Mesh</Filter>
    </ClInclude>
    <ClInclude Include="..\Code\Primitive.h">
      <Filter>01.Resource\03.Primitive</Filter>
    </ClInclude>
    <ClInclude Include="..\Code\PrimitiveFactory.h">
      <Filter>01.Resource\03.Primitive\PrimitiveFactory</Filter>
    </ClInclude>
    <ClInclude Include="..\Code\SceneAnimator.h">
      <Filter>SceneAnimator</Filter>
    </ClInclude>
    <ClInclude Include="..\Code\CubeTex.h">
      <Filter>01.Resource\00.Buffer\11.CubeTex</Filter>
    </ClInclude>
    <ClInclude Include="..\Code\SphereTex.h">
      <Filter>01.Resource\00.Buffer\13.SphereTex</Filter>
    </ClInclude>
  </ItemGroup>
  <ItemGroup>
    <ClCompile Include="..\Code\Resources.cpp">
      <Filter>01.Resource</Filter>
    </ClCompile>
    <ClCompile Include="..\Code\VIBuffer.cpp">
      <Filter>01.Resource\00.Buffer</Filter>
    </ClCompile>
    <ClCompile Include="..\Code\TriColor.cpp">
      <Filter>01.Resource\00.Buffer\00.TriColor</Filter>
    </ClCompile>
    <ClCompile Include="..\Code\RcColor.cpp">
      <Filter>01.Resource\00.Buffer\01.RcColor</Filter>
    </ClCompile>
    <ClCompile Include="..\Code\Texture.cpp">
      <Filter>01.Resource\01.Texture</Filter>
    </ClCompile>
    <ClCompile Include="..\Code\RcTex.cpp">
      <Filter>01.Resource\00.Buffer\10.RcTex</Filter>
    </ClCompile>
    <ClCompile Include="..\Code\CubeColor.cpp">
      <Filter>01.Resource\00.Buffer\02.CubeColor</Filter>
    </ClCompile>
    <ClCompile Include="..\Code\TerrainTex.cpp">
      <Filter>01.Resource\00.Buffer\12.TerrainTex</Filter>
    </ClCompile>
    <ClCompile Include="..\Code\ResourceMgr.cpp">
      <Filter>00.Manager\00.ResourceMgr</Filter>
    </ClCompile>
    <ClCompile Include="..\Code\Mesh.cpp">
      <Filter>01.Resource\02.Mesh</Filter>
    </ClCompile>
    <ClCompile Include="..\Code\StaticMesh.cpp">
      <Filter>01.Resource\02.Mesh\00.StaticMesh</Filter>
    </ClCompile>
    <ClCompile Include="..\Code\WaveFrontReader.cpp">
      <Filter>10.Reader\00.WavefrontReader</Filter>
    </ClCompile>
    <ClCompile Include="..\Code\ModelMgr.cpp">
      <Filter>00.Manager\01.ModelMgr</Filter>
    </ClCompile>
    <ClCompile Include="..\Code\ModelObj.cpp">
      <Filter>01.Resource\03.Model\ModelObj</Filter>
    </ClCompile>
    <ClCompile Include="..\Code\ModelMesh.cpp">
      <Filter>01.Resource\03.Model\ModelMesh</Filter>
    </ClCompile>
    <ClCompile Include="..\Code\DynamicMesh.cpp">
      <Filter>01.Resource\02.Mesh\01.DynamicMesh</Filter>
    </ClCompile>
    <ClCompile Include="..\Code\SkinnedModel.cpp">
      <Filter>01.Resource\02.Mesh\01.DynamicMesh\00.SkinnedModel</Filter>
    </ClCompile>
    <ClCompile Include="..\Code\SkinnedMesh.cpp">
      <Filter>01.Resource\02.Mesh\01.DynamicMesh\01.SkinnedMesh</Filter>
    </ClCompile>
    <ClCompile Include="..\Code\Primitive.cpp">
      <Filter>01.Resource\03.Primitive</Filter>
    </ClCompile>
    <ClCompile Include="..\Code\PrimitiveFactory.cpp">
      <Filter>01.Resource\03.Primitive\PrimitiveFactory</Filter>
    </ClCompile>
    <ClCompile Include="..\Code\SceneAnimator.cpp">
      <Filter>SceneAnimator</Filter>
    </ClCompile>
    <ClCompile Include="..\Code\CubeTex.cpp">
      <Filter>01.Resource\00.Buffer\11.CubeTex</Filter>
    </ClCompile>
    <ClCompile Include="..\Code\SphereTex.cpp">
      <Filter>01.Resource\00.Buffer\13.SphereTex</Filter>
    </ClCompile>
  </ItemGroup>
  <ItemGroup>
    <FxCompile Include="..\..\..\Reference\Headers\color.fx">
      <Filter>98.FX</Filter>
    </FxCompile>
  </ItemGroup>
  <ItemGroup>
    <None Include="..\..\Export\Export_Resources.inl">
      <Filter>01.Resource\99.Export</Filter>
    </None>
  </ItemGroup>
</Project>